// !$*UTF8*$!
{
	archiveVersion = 1;
	classes = {
	};
	objectVersion = 55;
	objects = {

/* Begin PBXBuildFile section */
		840AB32627CFBB8300EE1028 /* AppDelegate.swift in Sources */ = {isa = PBXBuildFile; fileRef = 840AB32527CFBB8300EE1028 /* AppDelegate.swift */; };
		840AB32827CFBB8300EE1028 /* SceneDelegate.swift in Sources */ = {isa = PBXBuildFile; fileRef = 840AB32727CFBB8300EE1028 /* SceneDelegate.swift */; };
		840AB32A27CFBB8300EE1028 /* ViewController.swift in Sources */ = {isa = PBXBuildFile; fileRef = 840AB32927CFBB8300EE1028 /* ViewController.swift */; };
		840AB32D27CFBB8300EE1028 /* Main.storyboard in Resources */ = {isa = PBXBuildFile; fileRef = 840AB32B27CFBB8300EE1028 /* Main.storyboard */; };
		840AB32F27CFBB8400EE1028 /* Assets.xcassets in Resources */ = {isa = PBXBuildFile; fileRef = 840AB32E27CFBB8400EE1028 /* Assets.xcassets */; };
		840AB33227CFBB8400EE1028 /* LaunchScreen.storyboard in Resources */ = {isa = PBXBuildFile; fileRef = 840AB33027CFBB8400EE1028 /* LaunchScreen.storyboard */; };
		840AB33D27CFBB8500EE1028 /* VariablePtacticeTests.swift in Sources */ = {isa = PBXBuildFile; fileRef = 840AB33C27CFBB8500EE1028 /* VariablePtacticeTests.swift */; };
		840AB34727CFBB8500EE1028 /* VariablePtacticeUITests.swift in Sources */ = {isa = PBXBuildFile; fileRef = 840AB34627CFBB8500EE1028 /* VariablePtacticeUITests.swift */; };
		840AB34927CFBB8500EE1028 /* VariablePtacticeUITestsLaunchTests.swift in Sources */ = {isa = PBXBuildFile; fileRef = 840AB34827CFBB8500EE1028 /* VariablePtacticeUITestsLaunchTests.swift */; };
/* End PBXBuildFile section */

/* Begin PBXContainerItemProxy section */
		840AB33927CFBB8500EE1028 /* PBXContainerItemProxy */ = {
			isa = PBXContainerItemProxy;
			containerPortal = 840AB31A27CFBB8300EE1028 /* Project object */;
			proxyType = 1;
			remoteGlobalIDString = 840AB32127CFBB8300EE1028;
			remoteInfo = VariablePtactice;
		};
		840AB34327CFBB8500EE1028 /* PBXContainerItemProxy */ = {
			isa = PBXContainerItemProxy;
			containerPortal = 840AB31A27CFBB8300EE1028 /* Project object */;
			proxyType = 1;
			remoteGlobalIDString = 840AB32127CFBB8300EE1028;
			remoteInfo = VariablePtactice;
		};
/* End PBXContainerItemProxy section */

/* Begin PBXFileReference section */
		840AB32227CFBB8300EE1028 /* VariablePtactice.app */ = {isa = PBXFileReference; explicitFileType = wrapper.application; includeInIndex = 0; path = VariablePtactice.app; sourceTree = BUILT_PRODUCTS_DIR; };
		840AB32527CFBB8300EE1028 /* AppDelegate.swift */ = {isa = PBXFileReference; lastKnownFileType = sourcecode.swift; path = AppDelegate.swift; sourceTree = "<group>"; };
		840AB32727CFBB8300EE1028 /* SceneDelegate.swift */ = {isa = PBXFileReference; lastKnownFileType = sourcecode.swift; path = SceneDelegate.swift; sourceTree = "<group>"; };
		840AB32927CFBB8300EE1028 /* ViewController.swift */ = {isa = PBXFileReference; lastKnownFileType = sourcecode.swift; path = ViewController.swift; sourceTree = "<group>"; };
		840AB32C27CFBB8300EE1028 /* Base */ = {isa = PBXFileReference; lastKnownFileType = file.storyboard; name = Base; path = Base.lproj/Main.storyboard; sourceTree = "<group>"; };
		840AB32E27CFBB8400EE1028 /* Assets.xcassets */ = {isa = PBXFileReference; lastKnownFileType = folder.assetcatalog; path = Assets.xcassets; sourceTree = "<group>"; };
		840AB33127CFBB8400EE1028 /* Base */ = {isa = PBXFileReference; lastKnownFileType = file.storyboard; name = Base; path = Base.lproj/LaunchScreen.storyboard; sourceTree = "<group>"; };
		840AB33327CFBB8400EE1028 /* Info.plist */ = {isa = PBXFileReference; lastKnownFileType = text.plist.xml; path = Info.plist; sourceTree = "<group>"; };
		840AB33827CFBB8500EE1028 /* VariablePtacticeTests.xctest */ = {isa = PBXFileReference; explicitFileType = wrapper.cfbundle; includeInIndex = 0; path = VariablePtacticeTests.xctest; sourceTree = BUILT_PRODUCTS_DIR; };
		840AB33C27CFBB8500EE1028 /* VariablePtacticeTests.swift */ = {isa = PBXFileReference; lastKnownFileType = sourcecode.swift; path = VariablePtacticeTests.swift; sourceTree = "<group>"; };
		840AB34227CFBB8500EE1028 /* VariablePtacticeUITests.xctest */ = {isa = PBXFileReference; explicitFileType = wrapper.cfbundle; includeInIndex = 0; path = VariablePtacticeUITests.xctest; sourceTree = BUILT_PRODUCTS_DIR; };
		840AB34627CFBB8500EE1028 /* VariablePtacticeUITests.swift */ = {isa = PBXFileReference; lastKnownFileType = sourcecode.swift; path = VariablePtacticeUITests.swift; sourceTree = "<group>"; };
		840AB34827CFBB8500EE1028 /* VariablePtacticeUITestsLaunchTests.swift */ = {isa = PBXFileReference; lastKnownFileType = sourcecode.swift; path = VariablePtacticeUITestsLaunchTests.swift; sourceTree = "<group>"; };
/* End PBXFileReference section */

/* Begin PBXFrameworksBuildPhase section */
		840AB31F27CFBB8300EE1028 /* Frameworks */ = {
			isa = PBXFrameworksBuildPhase;
			buildActionMask = 2147483647;
			files = (
			);
			runOnlyForDeploymentPostprocessing = 0;
		};
		840AB33527CFBB8500EE1028 /* Frameworks */ = {
			isa = PBXFrameworksBuildPhase;
			buildActionMask = 2147483647;
			files = (
			);
			runOnlyForDeploymentPostprocessing = 0;
		};
		840AB33F27CFBB8500EE1028 /* Frameworks */ = {
			isa = PBXFrameworksBuildPhase;
			buildActionMask = 2147483647;
			files = (
			);
			runOnlyForDeploymentPostprocessing = 0;
		};
/* End PBXFrameworksBuildPhase section */

/* Begin PBXGroup section */
		840AB31927CFBB8300EE1028 = {
			isa = PBXGroup;
			children = (
				840AB32427CFBB8300EE1028 /* VariablePtactice */,
				840AB33B27CFBB8500EE1028 /* VariablePtacticeTests */,
				840AB34527CFBB8500EE1028 /* VariablePtacticeUITests */,
				840AB32327CFBB8300EE1028 /* Products */,
			);
			sourceTree = "<group>";
		};
		840AB32327CFBB8300EE1028 /* Products */ = {
			isa = PBXGroup;
			children = (
				840AB32227CFBB8300EE1028 /* VariablePtactice.app */,
				840AB33827CFBB8500EE1028 /* VariablePtacticeTests.xctest */,
				840AB34227CFBB8500EE1028 /* VariablePtacticeUITests.xctest */,
			);
			name = Products;
			sourceTree = "<group>";
		};
		840AB32427CFBB8300EE1028 /* VariablePtactice */ = {
			isa = PBXGroup;
			children = (
				840AB32527CFBB8300EE1028 /* AppDelegate.swift */,
				840AB32727CFBB8300EE1028 /* SceneDelegate.swift */,
				840AB32927CFBB8300EE1028 /* ViewController.swift */,
				840AB32B27CFBB8300EE1028 /* Main.storyboard */,
				840AB32E27CFBB8400EE1028 /* Assets.xcassets */,
				840AB33027CFBB8400EE1028 /* LaunchScreen.storyboard */,
				840AB33327CFBB8400EE1028 /* Info.plist */,
			);
			path = VariablePtactice;
			sourceTree = "<group>";
		};
		840AB33B27CFBB8500EE1028 /* VariablePtacticeTests */ = {
			isa = PBXGroup;
			children = (
				840AB33C27CFBB8500EE1028 /* VariablePtacticeTests.swift */,
			);
			path = VariablePtacticeTests;
			sourceTree = "<group>";
		};
		840AB34527CFBB8500EE1028 /* VariablePtacticeUITests */ = {
			isa = PBXGroup;
			children = (
				840AB34627CFBB8500EE1028 /* VariablePtacticeUITests.swift */,
				840AB34827CFBB8500EE1028 /* VariablePtacticeUITestsLaunchTests.swift */,
			);
			path = VariablePtacticeUITests;
			sourceTree = "<group>";
		};
/* End PBXGroup section */

/* Begin PBXNativeTarget section */
		840AB32127CFBB8300EE1028 /* VariablePtactice */ = {
			isa = PBXNativeTarget;
			buildConfigurationList = 840AB34C27CFBB8500EE1028 /* Build configuration list for PBXNativeTarget "VariablePtactice" */;
			buildPhases = (
				840AB31E27CFBB8300EE1028 /* Sources */,
				840AB31F27CFBB8300EE1028 /* Frameworks */,
				840AB32027CFBB8300EE1028 /* Resources */,
			);
			buildRules = (
			);
			dependencies = (
			);
			name = VariablePtactice;
			productName = VariablePtactice;
			productReference = 840AB32227CFBB8300EE1028 /* VariablePtactice.app */;
			productType = "com.apple.product-type.application";
		};
		840AB33727CFBB8500EE1028 /* VariablePtacticeTests */ = {
			isa = PBXNativeTarget;
			buildConfigurationList = 840AB34F27CFBB8500EE1028 /* Build configuration list for PBXNativeTarget "VariablePtacticeTests" */;
			buildPhases = (
				840AB33427CFBB8500EE1028 /* Sources */,
				840AB33527CFBB8500EE1028 /* Frameworks */,
				840AB33627CFBB8500EE1028 /* Resources */,
			);
			buildRules = (
			);
			dependencies = (
				840AB33A27CFBB8500EE1028 /* PBXTargetDependency */,
			);
			name = VariablePtacticeTests;
			productName = VariablePtacticeTests;
			productReference = 840AB33827CFBB8500EE1028 /* VariablePtacticeTests.xctest */;
			productType = "com.apple.product-type.bundle.unit-test";
		};
		840AB34127CFBB8500EE1028 /* VariablePtacticeUITests */ = {
			isa = PBXNativeTarget;
			buildConfigurationList = 840AB35227CFBB8500EE1028 /* Build configuration list for PBXNativeTarget "VariablePtacticeUITests" */;
			buildPhases = (
				840AB33E27CFBB8500EE1028 /* Sources */,
				840AB33F27CFBB8500EE1028 /* Frameworks */,
				840AB34027CFBB8500EE1028 /* Resources */,
			);
			buildRules = (
			);
			dependencies = (
				840AB34427CFBB8500EE1028 /* PBXTargetDependency */,
			);
			name = VariablePtacticeUITests;
			productName = VariablePtacticeUITests;
			productReference = 840AB34227CFBB8500EE1028 /* VariablePtacticeUITests.xctest */;
			productType = "com.apple.product-type.bundle.ui-testing";
		};
/* End PBXNativeTarget section */

/* Begin PBXProject section */
		840AB31A27CFBB8300EE1028 /* Project object */ = {
			isa = PBXProject;
			attributes = {
				BuildIndependentTargetsInParallel = 1;
				LastSwiftUpdateCheck = 1330;
				LastUpgradeCheck = 1330;
				TargetAttributes = {
					840AB32127CFBB8300EE1028 = {
						CreatedOnToolsVersion = 13.3;
					};
					840AB33727CFBB8500EE1028 = {
						CreatedOnToolsVersion = 13.3;
						TestTargetID = 840AB32127CFBB8300EE1028;
					};
					840AB34127CFBB8500EE1028 = {
						CreatedOnToolsVersion = 13.3;
						TestTargetID = 840AB32127CFBB8300EE1028;
					};
				};
			};
			buildConfigurationList = 840AB31D27CFBB8300EE1028 /* Build configuration list for PBXProject "VariablePtactice" */;
			compatibilityVersion = "Xcode 13.0";
			developmentRegion = en;
			hasScannedForEncodings = 0;
			knownRegions = (
				en,
				Base,
			);
			mainGroup = 840AB31927CFBB8300EE1028;
			productRefGroup = 840AB32327CFBB8300EE1028 /* Products */;
			projectDirPath = "";
			projectRoot = "";
			targets = (
				840AB32127CFBB8300EE1028 /* VariablePtactice */,
				840AB33727CFBB8500EE1028 /* VariablePtacticeTests */,
				840AB34127CFBB8500EE1028 /* VariablePtacticeUITests */,
			);
		};
/* End PBXProject section */

/* Begin PBXResourcesBuildPhase section */
		840AB32027CFBB8300EE1028 /* Resources */ = {
			isa = PBXResourcesBuildPhase;
			buildActionMask = 2147483647;
			files = (
				840AB33227CFBB8400EE1028 /* LaunchScreen.storyboard in Resources */,
				840AB32F27CFBB8400EE1028 /* Assets.xcassets in Resources */,
				840AB32D27CFBB8300EE1028 /* Main.storyboard in Resources */,
			);
			runOnlyForDeploymentPostprocessing = 0;
		};
		840AB33627CFBB8500EE1028 /* Resources */ = {
			isa = PBXResourcesBuildPhase;
			buildActionMask = 2147483647;
			files = (
			);
			runOnlyForDeploymentPostprocessing = 0;
		};
		840AB34027CFBB8500EE1028 /* Resources */ = {
			isa = PBXResourcesBuildPhase;
			buildActionMask = 2147483647;
			files = (
			);
			runOnlyForDeploymentPostprocessing = 0;
		};
/* End PBXResourcesBuildPhase section */

/* Begin PBXSourcesBuildPhase section */
		840AB31E27CFBB8300EE1028 /* Sources */ = {
			isa = PBXSourcesBuildPhase;
			buildActionMask = 2147483647;
			files = (
				840AB32A27CFBB8300EE1028 /* ViewController.swift in Sources */,
				840AB32627CFBB8300EE1028 /* AppDelegate.swift in Sources */,
				840AB32827CFBB8300EE1028 /* SceneDelegate.swift in Sources */,
			);
			runOnlyForDeploymentPostprocessing = 0;
		};
		840AB33427CFBB8500EE1028 /* Sources */ = {
			isa = PBXSourcesBuildPhase;
			buildActionMask = 2147483647;
			files = (
				840AB33D27CFBB8500EE1028 /* VariablePtacticeTests.swift in Sources */,
			);
			runOnlyForDeploymentPostprocessing = 0;
		};
		840AB33E27CFBB8500EE1028 /* Sources */ = {
			isa = PBXSourcesBuildPhase;
			buildActionMask = 2147483647;
			files = (
				840AB34727CFBB8500EE1028 /* VariablePtacticeUITests.swift in Sources */,
				840AB34927CFBB8500EE1028 /* VariablePtacticeUITestsLaunchTests.swift in Sources */,
			);
			runOnlyForDeploymentPostprocessing = 0;
		};
/* End PBXSourcesBuildPhase section */

/* Begin PBXTargetDependency section */
		840AB33A27CFBB8500EE1028 /* PBXTargetDependency */ = {
			isa = PBXTargetDependency;
			target = 840AB32127CFBB8300EE1028 /* VariablePtactice */;
			targetProxy = 840AB33927CFBB8500EE1028 /* PBXContainerItemProxy */;
		};
		840AB34427CFBB8500EE1028 /* PBXTargetDependency */ = {
			isa = PBXTargetDependency;
			target = 840AB32127CFBB8300EE1028 /* VariablePtactice */;
			targetProxy = 840AB34327CFBB8500EE1028 /* PBXContainerItemProxy */;
		};
/* End PBXTargetDependency section */

/* Begin PBXVariantGroup section */
		840AB32B27CFBB8300EE1028 /* Main.storyboard */ = {
			isa = PBXVariantGroup;
			children = (
				840AB32C27CFBB8300EE1028 /* Base */,
			);
			name = Main.storyboard;
			sourceTree = "<group>";
		};
		840AB33027CFBB8400EE1028 /* LaunchScreen.storyboard */ = {
			isa = PBXVariantGroup;
			children = (
				840AB33127CFBB8400EE1028 /* Base */,
			);
			name = LaunchScreen.storyboard;
			sourceTree = "<group>";
		};
/* End PBXVariantGroup section */

/* Begin XCBuildConfiguration section */
		840AB34A27CFBB8500EE1028 /* Debug */ = {
			isa = XCBuildConfiguration;
			buildSettings = {
				ALWAYS_SEARCH_USER_PATHS = NO;
				CLANG_ANALYZER_NONNULL = YES;
				CLANG_ANALYZER_NUMBER_OBJECT_CONVERSION = YES_AGGRESSIVE;
				CLANG_CXX_LANGUAGE_STANDARD = "gnu++17";
				CLANG_ENABLE_MODULES = YES;
				CLANG_ENABLE_OBJC_ARC = YES;
				CLANG_ENABLE_OBJC_WEAK = YES;
				CLANG_WARN_BLOCK_CAPTURE_AUTORELEASING = YES;
				CLANG_WARN_BOOL_CONVERSION = YES;
				CLANG_WARN_COMMA = YES;
				CLANG_WARN_CONSTANT_CONVERSION = YES;
				CLANG_WARN_DEPRECATED_OBJC_IMPLEMENTATIONS = YES;
				CLANG_WARN_DIRECT_OBJC_ISA_USAGE = YES_ERROR;
				CLANG_WARN_DOCUMENTATION_COMMENTS = YES;
				CLANG_WARN_EMPTY_BODY = YES;
				CLANG_WARN_ENUM_CONVERSION = YES;
				CLANG_WARN_INFINITE_RECURSION = YES;
				CLANG_WARN_INT_CONVERSION = YES;
				CLANG_WARN_NON_LITERAL_NULL_CONVERSION = YES;
				CLANG_WARN_OBJC_IMPLICIT_RETAIN_SELF = YES;
				CLANG_WARN_OBJC_LITERAL_CONVERSION = YES;
				CLANG_WARN_OBJC_ROOT_CLASS = YES_ERROR;
				CLANG_WARN_QUOTED_INCLUDE_IN_FRAMEWORK_HEADER = YES;
				CLANG_WARN_RANGE_LOOP_ANALYSIS = YES;
				CLANG_WARN_STRICT_PROTOTYPES = YES;
				CLANG_WARN_SUSPICIOUS_MOVE = YES;
				CLANG_WARN_UNGUARDED_AVAILABILITY = YES_AGGRESSIVE;
				CLANG_WARN_UNREACHABLE_CODE = YES;
				CLANG_WARN__DUPLICATE_METHOD_MATCH = YES;
				COPY_PHASE_STRIP = NO;
				DEBUG_INFORMATION_FORMAT = dwarf;
				ENABLE_STRICT_OBJC_MSGSEND = YES;
				ENABLE_TESTABILITY = YES;
				GCC_C_LANGUAGE_STANDARD = gnu11;
				GCC_DYNAMIC_NO_PIC = NO;
				GCC_NO_COMMON_BLOCKS = YES;
				GCC_OPTIMIZATION_LEVEL = 0;
				GCC_PREPROCESSOR_DEFINITIONS = (
					"DEBUG=1",
					"$(inherited)",
				);
				GCC_WARN_64_TO_32_BIT_CONVERSION = YES;
				GCC_WARN_ABOUT_RETURN_TYPE = YES_ERROR;
				GCC_WARN_UNDECLARED_SELECTOR = YES;
				GCC_WARN_UNINITIALIZED_AUTOS = YES_AGGRESSIVE;
				GCC_WARN_UNUSED_FUNCTION = YES;
				GCC_WARN_UNUSED_VARIABLE = YES;
				IPHONEOS_DEPLOYMENT_TARGET = 15.4;
				MTL_ENABLE_DEBUG_INFO = INCLUDE_SOURCE;
				MTL_FAST_MATH = YES;
				ONLY_ACTIVE_ARCH = YES;
				SDKROOT = iphoneos;
				SWIFT_ACTIVE_COMPILATION_CONDITIONS = DEBUG;
				SWIFT_OPTIMIZATION_LEVEL = "-Onone";
			};
			name = Debug;
		};
		840AB34B27CFBB8500EE1028 /* Release */ = {
			isa = XCBuildConfiguration;
			buildSettings = {
				ALWAYS_SEARCH_USER_PATHS = NO;
				CLANG_ANALYZER_NONNULL = YES;
				CLANG_ANALYZER_NUMBER_OBJECT_CONVERSION = YES_AGGRESSIVE;
				CLANG_CXX_LANGUAGE_STANDARD = "gnu++17";
				CLANG_ENABLE_MODULES = YES;
				CLANG_ENABLE_OBJC_ARC = YES;
				CLANG_ENABLE_OBJC_WEAK = YES;
				CLANG_WARN_BLOCK_CAPTURE_AUTORELEASING = YES;
				CLANG_WARN_BOOL_CONVERSION = YES;
				CLANG_WARN_COMMA = YES;
				CLANG_WARN_CONSTANT_CONVERSION = YES;
				CLANG_WARN_DEPRECATED_OBJC_IMPLEMENTATIONS = YES;
				CLANG_WARN_DIRECT_OBJC_ISA_USAGE = YES_ERROR;
				CLANG_WARN_DOCUMENTATION_COMMENTS = YES;
				CLANG_WARN_EMPTY_BODY = YES;
				CLANG_WARN_ENUM_CONVERSION = YES;
				CLANG_WARN_INFINITE_RECURSION = YES;
				CLANG_WARN_INT_CONVERSION = YES;
				CLANG_WARN_NON_LITERAL_NULL_CONVERSION = YES;
				CLANG_WARN_OBJC_IMPLICIT_RETAIN_SELF = YES;
				CLANG_WARN_OBJC_LITERAL_CONVERSION = YES;
				CLANG_WARN_OBJC_ROOT_CLASS = YES_ERROR;
				CLANG_WARN_QUOTED_INCLUDE_IN_FRAMEWORK_HEADER = YES;
				CLANG_WARN_RANGE_LOOP_ANALYSIS = YES;
				CLANG_WARN_STRICT_PROTOTYPES = YES;
				CLANG_WARN_SUSPICIOUS_MOVE = YES;
				CLANG_WARN_UNGUARDED_AVAILABILITY = YES_AGGRESSIVE;
				CLANG_WARN_UNREACHABLE_CODE = YES;
				CLANG_WARN__DUPLICATE_METHOD_MATCH = YES;
				COPY_PHASE_STRIP = NO;
				DEBUG_INFORMATION_FORMAT = "dwarf-with-dsym";
				ENABLE_NS_ASSERTIONS = NO;
				ENABLE_STRICT_OBJC_MSGSEND = YES;
				GCC_C_LANGUAGE_STANDARD = gnu11;
				GCC_NO_COMMON_BLOCKS = YES;
				GCC_WARN_64_TO_32_BIT_CONVERSION = YES;
				GCC_WARN_ABOUT_RETURN_TYPE = YES_ERROR;
				GCC_WARN_UNDECLARED_SELECTOR = YES;
				GCC_WARN_UNINITIALIZED_AUTOS = YES_AGGRESSIVE;
				GCC_WARN_UNUSED_FUNCTION = YES;
				GCC_WARN_UNUSED_VARIABLE = YES;
				IPHONEOS_DEPLOYMENT_TARGET = 15.4;
				MTL_ENABLE_DEBUG_INFO = NO;
				MTL_FAST_MATH = YES;
				SDKROOT = iphoneos;
				SWIFT_COMPILATION_MODE = wholemodule;
				SWIFT_OPTIMIZATION_LEVEL = "-O";
				VALIDATE_PRODUCT = YES;
			};
			name = Release;
		};
		840AB34D27CFBB8500EE1028 /* Debug */ = {
			isa = XCBuildConfiguration;
			buildSettings = {
				ASSETCATALOG_COMPILER_APPICON_NAME = AppIcon;
				ASSETCATALOG_COMPILER_GLOBAL_ACCENT_COLOR_NAME = AccentColor;
				CODE_SIGN_STYLE = Automatic;
				CURRENT_PROJECT_VERSION = 1;
				GENERATE_INFOPLIST_FILE = YES;
				INFOPLIST_FILE = VariablePtactice/Info.plist;
				INFOPLIST_KEY_UIApplicationSupportsIndirectInputEvents = YES;
				INFOPLIST_KEY_UILaunchStoryboardName = LaunchScreen;
				INFOPLIST_KEY_UIMainStoryboardFile = Main;
				INFOPLIST_KEY_UISupportedInterfaceOrientations_iPad = "UIInterfaceOrientationPortrait UIInterfaceOrientationPortraitUpsideDown UIInterfaceOrientationLandscapeLeft UIInterfaceOrientationLandscapeRight";
				INFOPLIST_KEY_UISupportedInterfaceOrientations_iPhone = "UIInterfaceOrientationPortrait UIInterfaceOrientationLandscapeLeft UIInterfaceOrientationLandscapeRight";
				LD_RUNPATH_SEARCH_PATHS = (
					"$(inherited)",
					"@executable_path/Frameworks",
				);
				MARKETING_VERSION = 1.0;
				PRODUCT_BUNDLE_IDENTIFIER = com.it.mac.VariablePtactice;
				PRODUCT_NAME = "$(TARGET_NAME)";
				SWIFT_EMIT_LOC_STRINGS = YES;
				SWIFT_VERSION = 5.0;
				TARGETED_DEVICE_FAMILY = "1,2";
			};
			name = Debug;
		};
		840AB34E27CFBB8500EE1028 /* Release */ = {
			isa = XCBuildConfiguration;
			buildSettings = {
				ASSETCATALOG_COMPILER_APPICON_NAME = AppIcon;
				ASSETCATALOG_COMPILER_GLOBAL_ACCENT_COLOR_NAME = AccentColor;
				CODE_SIGN_STYLE = Automatic;
				CURRENT_PROJECT_VERSION = 1;
				GENERATE_INFOPLIST_FILE = YES;
				INFOPLIST_FILE = VariablePtactice/Info.plist;
				INFOPLIST_KEY_UIApplicationSupportsIndirectInputEvents = YES;
				INFOPLIST_KEY_UILaunchStoryboardName = LaunchScreen;
				INFOPLIST_KEY_UIMainStoryboardFile = Main;
				INFOPLIST_KEY_UISupportedInterfaceOrientations_iPad = "UIInterfaceOrientationPortrait UIInterfaceOrientationPortraitUpsideDown UIInterfaceOrientationLandscapeLeft UIInterfaceOrientationLandscapeRight";
				INFOPLIST_KEY_UISupportedInterfaceOrientations_iPhone = "UIInterfaceOrientationPortrait UIInterfaceOrientationLandscapeLeft UIInterfaceOrientationLandscapeRight";
				LD_RUNPATH_SEARCH_PATHS = (
					"$(inherited)",
					"@executable_path/Frameworks",
				);
				MARKETING_VERSION = 1.0;
				PRODUCT_BUNDLE_IDENTIFIER = com.it.mac.VariablePtactice;
				PRODUCT_NAME = "$(TARGET_NAME)";
				SWIFT_EMIT_LOC_STRINGS = YES;
				SWIFT_VERSION = 5.0;
				TARGETED_DEVICE_FAMILY = "1,2";
			};
			name = Release;
		};
		840AB35027CFBB8500EE1028 /* Debug */ = {
			isa = XCBuildConfiguration;
			buildSettings = {
				ALWAYS_EMBED_SWIFT_STANDARD_LIBRARIES = YES;
				BUNDLE_LOADER = "$(TEST_HOST)";
				CODE_SIGN_STYLE = Automatic;
				CURRENT_PROJECT_VERSION = 1;
				GENERATE_INFOPLIST_FILE = YES;
				IPHONEOS_DEPLOYMENT_TARGET = 15.4;
				MARKETING_VERSION = 1.0;
				PRODUCT_BUNDLE_IDENTIFIER = com.it.mac.VariablePtacticeTests;
				PRODUCT_NAME = "$(TARGET_NAME)";
				SWIFT_EMIT_LOC_STRINGS = NO;
				SWIFT_VERSION = 5.0;
				TARGETED_DEVICE_FAMILY = "1,2";
				TEST_HOST = "$(BUILT_PRODUCTS_DIR)/VariablePtactice.app/VariablePtactice";
			};
			name = Debug;
		};
		840AB35127CFBB8500EE1028 /* Release */ = {
			isa = XCBuildConfiguration;
			buildSettings = {
				ALWAYS_EMBED_SWIFT_STANDARD_LIBRARIES = YES;
				BUNDLE_LOADER = "$(TEST_HOST)";
				CODE_SIGN_STYLE = Automatic;
				CURRENT_PROJECT_VERSION = 1;
				GENERATE_INFOPLIST_FILE = YES;
				IPHONEOS_DEPLOYMENT_TARGET = 15.4;
				MARKETING_VERSION = 1.0;
				PRODUCT_BUNDLE_IDENTIFIER = com.it.mac.VariablePtacticeTests;
				PRODUCT_NAME = "$(TARGET_NAME)";
				SWIFT_EMIT_LOC_STRINGS = NO;
				SWIFT_VERSION = 5.0;
				TARGETED_DEVICE_FAMILY = "1,2";
				TEST_HOST = "$(BUILT_PRODUCTS_DIR)/VariablePtactice.app/VariablePtactice";
			};
			name = Release;
		};
		840AB35327CFBB8500EE1028 /* Debug */ = {
			isa = XCBuildConfiguration;
			buildSettings = {
				ALWAYS_EMBED_SWIFT_STANDARD_LIBRARIES = YES;
				CODE_SIGN_STYLE = Automatic;
				CURRENT_PROJECT_VERSION = 1;
				GENERATE_INFOPLIST_FILE = YES;
				MARKETING_VERSION = 1.0;
				PRODUCT_BUNDLE_IDENTIFIER = com.it.mac.VariablePtacticeUITests;
				PRODUCT_NAME = "$(TARGET_NAME)";
				SWIFT_EMIT_LOC_STRINGS = NO;
				SWIFT_VERSION = 5.0;
				TARGETED_DEVICE_FAMILY = "1,2";
				TEST_TARGET_NAME = VariablePtactice;
			};
			name = Debug;
		};
		840AB35427CFBB8500EE1028 /* Release */ = {
			isa = XCBuildConfiguration;
			buildSettings = {
				ALWAYS_EMBED_SWIFT_STANDARD_LIBRARIES = YES;
				CODE_SIGN_STYLE = Automatic;
				CURRENT_PROJECT_VERSION = 1;
				GENERATE_INFOPLIST_FILE = YES;
				MARKETING_VERSION = 1.0;
				PRODUCT_BUNDLE_IDENTIFIER = com.it.mac.VariablePtacticeUITests;
				PRODUCT_NAME = "$(TARGET_NAME)";
				SWIFT_EMIT_LOC_STRINGS = NO;
				SWIFT_VERSION = 5.0;
				TARGETED_DEVICE_FAMILY = "1,2";
				TEST_TARGET_NAME = VariablePtactice;
			};
			name = Release;
		};
/* End XCBuildConfiguration section */

/* Begin XCConfigurationList section */
		840AB31D27CFBB8300EE1028 /* Build configuration list for PBXProject "VariablePtactice" */ = {
			isa = XCConfigurationList;
			buildConfigurations = (
				840AB34A27CFBB8500EE1028 /* Debug */,
				840AB34B27CFBB8500EE1028 /* Release */,
			);
			defaultConfigurationIsVisible = 0;
			defaultConfigurationName = Release;
		};
		840AB34C27CFBB8500EE1028 /* Build configuration list for PBXNativeTarget "VariablePtactice" */ = {
			isa = XCConfigurationList;
			buildConfigurations = (
				840AB34D27CFBB8500EE1028 /* Debug */,
				840AB34E27CFBB8500EE1028 /* Release */,
			);
			defaultConfigurationIsVisible = 0;
			defaultConfigurationName = Release;
		};
		840AB34F27CFBB8500EE1028 /* Build configuration list for PBXNativeTarget "VariablePtacticeTests" */ = {
			isa = XCConfigurationList;
			buildConfigurations = (
				840AB35027CFBB8500EE1028 /* Debug */,
				840AB35127CFBB8500EE1028 /* Release */,
			);
			defaultConfigurationIsVisible = 0;
			defaultConfigurationName = Release;
		};
		840AB35227CFBB8500EE1028 /* Build configuration list for PBXNativeTarget "VariablePtacticeUITests" */ = {
			isa = XCConfigurationList;
			buildConfigurations = (
				840AB35327CFBB8500EE1028 /* Debug */,
				840AB35427CFBB8500EE1028 /* Release */,
			);
			defaultConfigurationIsVisible = 0;
			defaultConfigurationName = Release;
		};
/* End XCConfigurationList section */
	};
	rootObject = 840AB31A27CFBB8300EE1028 /* Project object */;
}
